
Microsoft Visual Studio Solution File, Format Version 12.00
# Visual Studio 15
VisualStudioVersion = 15.0.27703.2042
MinimumVisualStudioVersion = 10.0.40219.1
Project("{FAE04EC0-301F-11D3-BF4B-00C04F79EFBC}") = "CryptoProviders.Des", "CryptoProviders.Des\CryptoProviders.Des.csproj", "{A5D56BA0-783B-46B4-985A-9A342554A360}"
EndProject
Project("{FAE04EC0-301F-11D3-BF4B-00C04F79EFBC}") = "CryptoProviders.Core", "CryptoProviders.Core\CryptoProviders.Core.csproj", "{113165E0-4379-4AB6-8C0E-5C7A06B687CE}"
EndProject
Project("{FAE04EC0-301F-11D3-BF4B-00C04F79EFBC}") = "CryptoProviders.Console", "CryptoProviders.Console\CryptoProviders.Console.csproj", "{87E9FC7F-B6A4-4F84-904B-DE7132734E00}"
EndProject
Project("{2150E333-8FDC-42A3-9474-1A3956D46DE8}") = "Solution Items", "Solution Items", "{077A56C0-2E6A-4471-B565-24F2B7F95CE4}"
	ProjectSection(SolutionItems) = preProject
		LICENCE.txt = LICENCE.txt
	EndProjectSection
EndProject
Global
	GlobalSection(SolutionConfigurationPlatforms) = preSolution
		Debug|Any CPU = Debug|Any CPU
		Release|Any CPU = Release|Any CPU
	EndGlobalSection
	GlobalSection(ProjectConfigurationPlatforms) = postSolution
		{A5D56BA0-783B-46B4-985A-9A342554A360}.Debug|Any CPU.ActiveCfg = Debug|Any CPU
		{A5D56BA0-783B-46B4-985A-9A342554A360}.Debug|Any CPU.Build.0 = Debug|Any CPU
		{A5D56BA0-783B-46B4-985A-9A342554A360}.Release|Any CPU.ActiveCfg = Release|Any CPU
		{A5D56BA0-783B-46B4-985A-9A342554A360}.Release|Any CPU.Build.0 = Release|Any CPU
		{113165E0-4379-4AB6-8C0E-5C7A06B687CE}.Debug|Any CPU.ActiveCfg = Debug|Any CPU
		{113165E0-4379-4AB6-8C0E-5C7A06B687CE}.Debug|Any CPU.Build.0 = Debug|Any CPU
		{113165E0-4379-4AB6-8C0E-5C7A06B687CE}.Release|Any CPU.ActiveCfg = Release|Any CPU
		{113165E0-4379-4AB6-8C0E-5C7A06B687CE}.Release|Any CPU.Build.0 = Release|Any CPU
		{87E9FC7F-B6A4-4F84-904B-DE7132734E00}.Debug|Any CPU.ActiveCfg = Debug|Any CPU
		{87E9FC7F-B6A4-4F84-904B-DE7132734E00}.Debug|Any CPU.Build.0 = Debug|Any CPU
		{87E9FC7F-B6A4-4F84-904B-DE7132734E00}.Release|Any CPU.ActiveCfg = Release|Any CPU
		{87E9FC7F-B6A4-4F84-904B-DE7132734E00}.Release|Any CPU.Build.0 = Release|Any CPU
	EndGlobalSection
	GlobalSection(SolutionProperties) = preSolution
		HideSolutionNode = FALSE
	EndGlobalSection
	GlobalSection(ExtensibilityGlobals) = postSolution
		SolutionGuid = {7E81A583-83CE-4BE3-AF8F-4CF003A3CECB}
	EndGlobalSection
EndGlobal
